
Microsoft Visual Studio Solution File, Format Version 12.00
# Visual Studio 15
VisualStudioVersion = 15.0.28307.960
MinimumVisualStudioVersion = 10.0.40219.1
Project("{FAE04EC0-301F-11D3-BF4B-00C04F79EFBC}") = "FileOrganizer", "FileOrganizer\FileOrganizer.csproj", "{8BBE4C07-EA9F-4E9B-AEA5-E14573CDF804}"
EndProject
Project("{FAE04EC0-301F-11D3-BF4B-00C04F79EFBC}") = "FileOrganizerHelper", "FileOrganizerHelper\FileOrganizerHelper.csproj", "{ABB202F3-941D-40AD-9A5C-4BDA97E3F9D8}"
EndProject
Global
	GlobalSection(SolutionConfigurationPlatforms) = preSolution
		Debug|Any CPU = Debug|Any CPU
		Release|Any CPU = Release|Any CPU
	EndGlobalSection
	GlobalSection(ProjectConfigurationPlatforms) = postSolution
		{8BBE4C07-EA9F-4E9B-AEA5-E14573CDF804}.Debug|Any CPU.ActiveCfg = Debug|Any CPU
		{8BBE4C07-EA9F-4E9B-AEA5-E14573CDF804}.Debug|Any CPU.Build.0 = Debug|Any CPU
		{8BBE4C07-EA9F-4E9B-AEA5-E14573CDF804}.Release|Any CPU.ActiveCfg = Release|Any CPU
		{8BBE4C07-EA9F-4E9B-AEA5-E14573CDF804}.Release|Any CPU.Build.0 = Release|Any CPU
		{ABB202F3-941D-40AD-9A5C-4BDA97E3F9D8}.Debug|Any CPU.ActiveCfg = Debug|Any CPU
		{ABB202F3-941D-40AD-9A5C-4BDA97E3F9D8}.Debug|Any CPU.Build.0 = Debug|Any CPU
		{ABB202F3-941D-40AD-9A5C-4BDA97E3F9D8}.Release|Any CPU.ActiveCfg = Release|Any CPU
		{ABB202F3-941D-40AD-9A5C-4BDA97E3F9D8}.Release|Any CPU.Build.0 = Release|Any CPU
	EndGlobalSection
	GlobalSection(SolutionProperties) = preSolution
		HideSolutionNode = FALSE
	EndGlobalSection
	GlobalSection(ExtensibilityGlobals) = postSolution
		SolutionGuid = {BADA7184-D149-47EC-B230-11BCE3BC0F56}
	EndGlobalSection
EndGlobal
